
Microsoft Visual Studio Solution File, Format Version 12.00
# Visual Studio Version 17
VisualStudioVersion = 17.0.32112.339
MinimumVisualStudioVersion = 10.0.40219.1
Project("{FAE04EC0-301F-11D3-BF4B-00C04F79EFBC}") = "CaptureXA", "CaptureXA.csproj", "{17FC4013-3F9D-4011-9A15-CA0A699B8434}"
EndProject
Global
	GlobalSection(SolutionConfigurationPlatforms) = preSolution
		Debug|Any CPU = Debug|Any CPU
		Release|Any CPU = Release|Any CPU
	EndGlobalSection
	GlobalSection(ProjectConfigurationPlatforms) = postSolution
		{17FC4013-3F9D-4011-9A15-CA0A699B8434}.Debug|Any CPU.ActiveCfg = Debug|Any CPU
		{17FC4013-3F9D-4011-9A15-CA0A699B8434}.Debug|Any CPU.Build.0 = Debug|Any CPU
		{17FC4013-3F9D-4011-9A15-CA0A699B8434}.Release|Any CPU.ActiveCfg = Release|Any CPU
		{17FC4013-3F9D-4011-9A15-CA0A699B8434}.Release|Any CPU.Build.0 = Release|Any CPU
	EndGlobalSection
	GlobalSection(SolutionProperties) = preSolution
		HideSolutionNode = FALSE
	EndGlobalSection
	GlobalSection(ExtensibilityGlobals) = postSolution
		SolutionGuid = {A8BEF141-3C28-41B3-BE9E-1BBAF097415D}
	EndGlobalSection
EndGlobal
